
Microsoft Visual Studio Solution File, Format Version 12.00
# Visual Studio Version 17
VisualStudioVersion = 17.11.35312.102
MinimumVisualStudioVersion = 10.0.40219.1
Project("{FAE04EC0-301F-11D3-BF4B-00C04F79EFBC}") = "ElectronicGadgetsTech.BuisnessLayer", "ElectronicGadgetsTech.BuisnessLayer\ElectronicGadgetsTech.BuisnessLayer.csproj", "{BD118B3C-AED9-4148-962E-259974FE09AF}"
EndProject
Global
	GlobalSection(SolutionConfigurationPlatforms) = preSolution
		Debug|Any CPU = Debug|Any CPU
		Release|Any CPU = Release|Any CPU
	EndGlobalSection
	GlobalSection(ProjectConfigurationPlatforms) = postSolution
		{BD118B3C-AED9-4148-962E-259974FE09AF}.Debug|Any CPU.ActiveCfg = Debug|Any CPU
		{BD118B3C-AED9-4148-962E-259974FE09AF}.Debug|Any CPU.Build.0 = Debug|Any CPU
		{BD118B3C-AED9-4148-962E-259974FE09AF}.Release|Any CPU.ActiveCfg = Release|Any CPU
		{BD118B3C-AED9-4148-962E-259974FE09AF}.Release|Any CPU.Build.0 = Release|Any CPU
	EndGlobalSection
	GlobalSection(SolutionProperties) = preSolution
		HideSolutionNode = FALSE
	EndGlobalSection
	GlobalSection(ExtensibilityGlobals) = postSolution
		SolutionGuid = {F423C3EC-D7A9-4EF2-968C-6E6C440E234F}
	EndGlobalSection
EndGlobal
