
Microsoft Visual Studio Solution File, Format Version 12.00
# Visual Studio Version 17
VisualStudioVersion = 17.11.35312.102
MinimumVisualStudioVersion = 10.0.40219.1
Project("{FAE04EC0-301F-11D3-BF4B-00C04F79EFBC}") = "EcommerceApplication-Application", "EcommerceApplication-Application\EcommerceApplication-Application.csproj", "{A2E6072A-CD0B-47A8-B841-CBCF3EE3AEBF}"
EndProject
Project("{FAE04EC0-301F-11D3-BF4B-00C04F79EFBC}") = "EcommerceApplication-BuisnessLayer", "..\EcommerceApplication-BuisnessLayer\EcommerceApplication-BuisnessLayer\EcommerceApplication-BuisnessLayer.csproj", "{00E6F2F6-CF1B-4D5E-A909-DC05798746A0}"
EndProject
Project("{FAE04EC0-301F-11D3-BF4B-00C04F79EFBC}") = "EcommerceApplication-CustomException", "..\EcommerceApplication-CustomException\EcommerceApplication-CustomException\EcommerceApplication-CustomException.csproj", "{65E21D16-F77F-4F78-A64E-3153E4C3A4CA}"
EndProject
Global
	GlobalSection(SolutionConfigurationPlatforms) = preSolution
		Debug|Any CPU = Debug|Any CPU
		Release|Any CPU = Release|Any CPU
	EndGlobalSection
	GlobalSection(ProjectConfigurationPlatforms) = postSolution
		{A2E6072A-CD0B-47A8-B841-CBCF3EE3AEBF}.Debug|Any CPU.ActiveCfg = Debug|Any CPU
		{A2E6072A-CD0B-47A8-B841-CBCF3EE3AEBF}.Debug|Any CPU.Build.0 = Debug|Any CPU
		{A2E6072A-CD0B-47A8-B841-CBCF3EE3AEBF}.Release|Any CPU.ActiveCfg = Release|Any CPU
		{A2E6072A-CD0B-47A8-B841-CBCF3EE3AEBF}.Release|Any CPU.Build.0 = Release|Any CPU
		{00E6F2F6-CF1B-4D5E-A909-DC05798746A0}.Debug|Any CPU.ActiveCfg = Debug|Any CPU
		{00E6F2F6-CF1B-4D5E-A909-DC05798746A0}.Debug|Any CPU.Build.0 = Debug|Any CPU
		{00E6F2F6-CF1B-4D5E-A909-DC05798746A0}.Release|Any CPU.ActiveCfg = Release|Any CPU
		{00E6F2F6-CF1B-4D5E-A909-DC05798746A0}.Release|Any CPU.Build.0 = Release|Any CPU
		{65E21D16-F77F-4F78-A64E-3153E4C3A4CA}.Debug|Any CPU.ActiveCfg = Debug|Any CPU
		{65E21D16-F77F-4F78-A64E-3153E4C3A4CA}.Debug|Any CPU.Build.0 = Debug|Any CPU
		{65E21D16-F77F-4F78-A64E-3153E4C3A4CA}.Release|Any CPU.ActiveCfg = Release|Any CPU
		{65E21D16-F77F-4F78-A64E-3153E4C3A4CA}.Release|Any CPU.Build.0 = Release|Any CPU
	EndGlobalSection
	GlobalSection(SolutionProperties) = preSolution
		HideSolutionNode = FALSE
	EndGlobalSection
	GlobalSection(ExtensibilityGlobals) = postSolution
		SolutionGuid = {3E5397E1-4076-4352-BBA5-6890771E12D3}
	EndGlobalSection
EndGlobal
