
Microsoft Visual Studio Solution File, Format Version 12.00
# Visual Studio Version 17
VisualStudioVersion = 17.11.35312.102
MinimumVisualStudioVersion = 10.0.40219.1
Project("{FAE04EC0-301F-11D3-BF4B-00C04F79EFBC}") = "TechShopDButil", "TechShopDButil\TechShopDButil.csproj", "{60A0F91B-3AF0-4F7F-ACC1-0C09FEFEB1AE}"
EndProject
Global
	GlobalSection(SolutionConfigurationPlatforms) = preSolution
		Debug|Any CPU = Debug|Any CPU
		Release|Any CPU = Release|Any CPU
	EndGlobalSection
	GlobalSection(ProjectConfigurationPlatforms) = postSolution
		{60A0F91B-3AF0-4F7F-ACC1-0C09FEFEB1AE}.Debug|Any CPU.ActiveCfg = Debug|Any CPU
		{60A0F91B-3AF0-4F7F-ACC1-0C09FEFEB1AE}.Debug|Any CPU.Build.0 = Debug|Any CPU
		{60A0F91B-3AF0-4F7F-ACC1-0C09FEFEB1AE}.Release|Any CPU.ActiveCfg = Release|Any CPU
		{60A0F91B-3AF0-4F7F-ACC1-0C09FEFEB1AE}.Release|Any CPU.Build.0 = Release|Any CPU
	EndGlobalSection
	GlobalSection(SolutionProperties) = preSolution
		HideSolutionNode = FALSE
	EndGlobalSection
	GlobalSection(ExtensibilityGlobals) = postSolution
		SolutionGuid = {47320062-11A5-449C-BC11-944032AC02BB}
	EndGlobalSection
EndGlobal
