
Microsoft Visual Studio Solution File, Format Version 12.00
# Visual Studio Version 17
VisualStudioVersion = 17.11.35312.102
MinimumVisualStudioVersion = 10.0.40219.1
Project("{FAE04EC0-301F-11D3-BF4B-00C04F79EFBC}") = "ElectronicGadgetsTech.Entity", "ElectronicGadgetsTech.Entity\ElectronicGadgetsTech.Entity.csproj", "{9DCA88B9-4FA3-40EA-B92D-0D63DFFCD1D3}"
EndProject
Global
	GlobalSection(SolutionConfigurationPlatforms) = preSolution
		Debug|Any CPU = Debug|Any CPU
		Release|Any CPU = Release|Any CPU
	EndGlobalSection
	GlobalSection(ProjectConfigurationPlatforms) = postSolution
		{9DCA88B9-4FA3-40EA-B92D-0D63DFFCD1D3}.Debug|Any CPU.ActiveCfg = Debug|Any CPU
		{9DCA88B9-4FA3-40EA-B92D-0D63DFFCD1D3}.Debug|Any CPU.Build.0 = Debug|Any CPU
		{9DCA88B9-4FA3-40EA-B92D-0D63DFFCD1D3}.Release|Any CPU.ActiveCfg = Release|Any CPU
		{9DCA88B9-4FA3-40EA-B92D-0D63DFFCD1D3}.Release|Any CPU.Build.0 = Release|Any CPU
	EndGlobalSection
	GlobalSection(SolutionProperties) = preSolution
		HideSolutionNode = FALSE
	EndGlobalSection
	GlobalSection(ExtensibilityGlobals) = postSolution
		SolutionGuid = {7F93A18D-37CC-46FA-AC5B-68404999A7CB}
	EndGlobalSection
EndGlobal
