
Microsoft Visual Studio Solution File, Format Version 12.00
# Visual Studio Version 17
VisualStudioVersion = 17.11.35312.102
MinimumVisualStudioVersion = 10.0.40219.1
Project("{FAE04EC0-301F-11D3-BF4B-00C04F79EFBC}") = "EcommerceApplication-Entity", "EcommerceApplication-Entity\EcommerceApplication-Entity.csproj", "{76C2FC58-4506-4EB5-9428-A84D947DB555}"
EndProject
Global
	GlobalSection(SolutionConfigurationPlatforms) = preSolution
		Debug|Any CPU = Debug|Any CPU
		Release|Any CPU = Release|Any CPU
	EndGlobalSection
	GlobalSection(ProjectConfigurationPlatforms) = postSolution
		{76C2FC58-4506-4EB5-9428-A84D947DB555}.Debug|Any CPU.ActiveCfg = Debug|Any CPU
		{76C2FC58-4506-4EB5-9428-A84D947DB555}.Debug|Any CPU.Build.0 = Debug|Any CPU
		{76C2FC58-4506-4EB5-9428-A84D947DB555}.Release|Any CPU.ActiveCfg = Release|Any CPU
		{76C2FC58-4506-4EB5-9428-A84D947DB555}.Release|Any CPU.Build.0 = Release|Any CPU
	EndGlobalSection
	GlobalSection(SolutionProperties) = preSolution
		HideSolutionNode = FALSE
	EndGlobalSection
	GlobalSection(ExtensibilityGlobals) = postSolution
		SolutionGuid = {45931902-47C7-4952-9072-286EBFAF1500}
	EndGlobalSection
EndGlobal
